
Microsoft Visual Studio Solution File, Format Version 12.00
# Visual Studio Version 17
VisualStudioVersion = 17.4.33205.214
MinimumVisualStudioVersion = 10.0.40219.1
Project("{FAE04EC0-301F-11D3-BF4B-00C04F79EFBC}") = "DigitalBooksAppln", "DigitalBooksAppln\DigitalBooksAppln.csproj", "{838B146F-61D0-4E03-8416-8B0E8A071D61}"
EndProject
Project("{FAE04EC0-301F-11D3-BF4B-00C04F79EFBC}") = "AuthorAPI", "AuthorAPI\AuthorAPI.csproj", "{8AEBE355-4653-4978-8A63-5398F67D9633}"
EndProject
Project("{FAE04EC0-301F-11D3-BF4B-00C04F79EFBC}") = "ReaderAPI", "ReaderAPI\ReaderAPI.csproj", "{5D07DB01-F615-412D-836C-C25DADC30909}"
EndProject
Project("{FAE04EC0-301F-11D3-BF4B-00C04F79EFBC}") = "Common", "Common\Common.csproj", "{4B38BC5B-0442-4271-BE55-789AA99A1C6E}"
EndProject
Project("{FAE04EC0-301F-11D3-BF4B-00C04F79EFBC}") = "UnitTests", "UnitTests\UnitTests.csproj", "{DC865A5C-44E5-4896-A622-2D2DDDEE643D}"
EndProject
Project("{FAE04EC0-301F-11D3-BF4B-00C04F79EFBC}") = "DigitalBooksGateway", "DigitalBooksGateway\DigitalBooksGateway.csproj", "{26755272-23CC-49C6-B08C-D3F8EF6A2ED0}"
EndProject
Project("{FAE04EC0-301F-11D3-BF4B-00C04F79EFBC}") = "UserAPI", "UserAPI\UserAPI.csproj", "{E8BF065A-2C97-4DAB-8D5E-D74ED59291C0}"
EndProject
Project("{FAE04EC0-301F-11D3-BF4B-00C04F79EFBC}") = "SharedModel", "SharedModel\SharedModel.csproj", "{0BD5A79C-5F72-41D8-A2D7-A645CCCA1D31}"
EndProject
Global
	GlobalSection(SolutionConfigurationPlatforms) = preSolution
		Debug|Any CPU = Debug|Any CPU
		Release|Any CPU = Release|Any CPU
	EndGlobalSection
	GlobalSection(ProjectConfigurationPlatforms) = postSolution
		{838B146F-61D0-4E03-8416-8B0E8A071D61}.Debug|Any CPU.ActiveCfg = Debug|Any CPU
		{838B146F-61D0-4E03-8416-8B0E8A071D61}.Debug|Any CPU.Build.0 = Debug|Any CPU
		{838B146F-61D0-4E03-8416-8B0E8A071D61}.Release|Any CPU.ActiveCfg = Release|Any CPU
		{838B146F-61D0-4E03-8416-8B0E8A071D61}.Release|Any CPU.Build.0 = Release|Any CPU
		{8AEBE355-4653-4978-8A63-5398F67D9633}.Debug|Any CPU.ActiveCfg = Debug|Any CPU
		{8AEBE355-4653-4978-8A63-5398F67D9633}.Debug|Any CPU.Build.0 = Debug|Any CPU
		{8AEBE355-4653-4978-8A63-5398F67D9633}.Release|Any CPU.ActiveCfg = Release|Any CPU
		{8AEBE355-4653-4978-8A63-5398F67D9633}.Release|Any CPU.Build.0 = Release|Any CPU
		{5D07DB01-F615-412D-836C-C25DADC30909}.Debug|Any CPU.ActiveCfg = Debug|Any CPU
		{5D07DB01-F615-412D-836C-C25DADC30909}.Debug|Any CPU.Build.0 = Debug|Any CPU
		{5D07DB01-F615-412D-836C-C25DADC30909}.Release|Any CPU.ActiveCfg = Release|Any CPU
		{5D07DB01-F615-412D-836C-C25DADC30909}.Release|Any CPU.Build.0 = Release|Any CPU
		{4B38BC5B-0442-4271-BE55-789AA99A1C6E}.Debug|Any CPU.ActiveCfg = Debug|Any CPU
		{4B38BC5B-0442-4271-BE55-789AA99A1C6E}.Debug|Any CPU.Build.0 = Debug|Any CPU
		{4B38BC5B-0442-4271-BE55-789AA99A1C6E}.Release|Any CPU.ActiveCfg = Release|Any CPU
		{4B38BC5B-0442-4271-BE55-789AA99A1C6E}.Release|Any CPU.Build.0 = Release|Any CPU
		{DC865A5C-44E5-4896-A622-2D2DDDEE643D}.Debug|Any CPU.ActiveCfg = Debug|Any CPU
		{DC865A5C-44E5-4896-A622-2D2DDDEE643D}.Debug|Any CPU.Build.0 = Debug|Any CPU
		{DC865A5C-44E5-4896-A622-2D2DDDEE643D}.Release|Any CPU.ActiveCfg = Release|Any CPU
		{DC865A5C-44E5-4896-A622-2D2DDDEE643D}.Release|Any CPU.Build.0 = Release|Any CPU
		{26755272-23CC-49C6-B08C-D3F8EF6A2ED0}.Debug|Any CPU.ActiveCfg = Debug|Any CPU
		{26755272-23CC-49C6-B08C-D3F8EF6A2ED0}.Debug|Any CPU.Build.0 = Debug|Any CPU
		{26755272-23CC-49C6-B08C-D3F8EF6A2ED0}.Release|Any CPU.ActiveCfg = Release|Any CPU
		{26755272-23CC-49C6-B08C-D3F8EF6A2ED0}.Release|Any CPU.Build.0 = Release|Any CPU
		{E8BF065A-2C97-4DAB-8D5E-D74ED59291C0}.Debug|Any CPU.ActiveCfg = Debug|Any CPU
		{E8BF065A-2C97-4DAB-8D5E-D74ED59291C0}.Debug|Any CPU.Build.0 = Debug|Any CPU
		{E8BF065A-2C97-4DAB-8D5E-D74ED59291C0}.Release|Any CPU.ActiveCfg = Release|Any CPU
		{E8BF065A-2C97-4DAB-8D5E-D74ED59291C0}.Release|Any CPU.Build.0 = Release|Any CPU
		{0BD5A79C-5F72-41D8-A2D7-A645CCCA1D31}.Debug|Any CPU.ActiveCfg = Debug|Any CPU
		{0BD5A79C-5F72-41D8-A2D7-A645CCCA1D31}.Debug|Any CPU.Build.0 = Debug|Any CPU
		{0BD5A79C-5F72-41D8-A2D7-A645CCCA1D31}.Release|Any CPU.ActiveCfg = Release|Any CPU
		{0BD5A79C-5F72-41D8-A2D7-A645CCCA1D31}.Release|Any CPU.Build.0 = Release|Any CPU
	EndGlobalSection
	GlobalSection(SolutionProperties) = preSolution
		HideSolutionNode = FALSE
	EndGlobalSection
	GlobalSection(ExtensibilityGlobals) = postSolution
		SolutionGuid = {4B18598C-6CAF-424F-B994-440AFAC1FC62}
	EndGlobalSection
EndGlobal
